
Microsoft Visual Studio Solution File, Format Version 12.00
# Visual Studio Version 16
VisualStudioVersion = 16.0.33801.447
MinimumVisualStudioVersion = 10.0.40219.1
Project("{FAE04EC0-301F-11D3-BF4B-00C04F79EFBC}") = "BlackJackForm", "BlackJackForm\BlackJackForm.csproj", "{12CC0918-790A-4904-A720-CE273C85E143}"
EndProject
Global
	GlobalSection(SolutionConfigurationPlatforms) = preSolution
		Debug|Any CPU = Debug|Any CPU
		Release|Any CPU = Release|Any CPU
	EndGlobalSection
	GlobalSection(ProjectConfigurationPlatforms) = postSolution
		{12CC0918-790A-4904-A720-CE273C85E143}.Debug|Any CPU.ActiveCfg = Debug|Any CPU
		{12CC0918-790A-4904-A720-CE273C85E143}.Debug|Any CPU.Build.0 = Debug|Any CPU
		{12CC0918-790A-4904-A720-CE273C85E143}.Release|Any CPU.ActiveCfg = Release|Any CPU
		{12CC0918-790A-4904-A720-CE273C85E143}.Release|Any CPU.Build.0 = Release|Any CPU
	EndGlobalSection
	GlobalSection(SolutionProperties) = preSolution
		HideSolutionNode = FALSE
	EndGlobalSection
	GlobalSection(ExtensibilityGlobals) = postSolution
		SolutionGuid = {BFB28167-BDF4-4E54-94BA-3F911BC89BF4}
	EndGlobalSection
EndGlobal
